{
  "nodes": {
    "flakelight": {
      "inputs": {
        "nixpkgs": "nixpkgs"
      },
      "locked": {
        "lastModified": 1770037869,
        "narHash": "sha256-ydw7wUkviUdv7J7YweFp6kxXl24QJgJ1+NC5S02gkz0=",
        "owner": "nix-community",
        "repo": "flakelight",
        "rev": "49027dc3f2426de7cb2a6e29a13bbdd824f9b73a",
        "type": "github"
      },
      "original": {
        "owner": "nix-community",
        "repo": "flakelight",
        "type": "github"
      }
    },
    "flakelight_2": {
      "inputs": {
        "nixpkgs": "nixpkgs_2"
      },
      "locked": {
        "lastModified": 1769797828,
        "narHash": "sha256-giiWJpkyacToMLIBZ2/YI83Qbbn9NNyaI8qkgvsrpe8=",
        "owner": "nix-community",
        "repo": "flakelight",
        "rev": "dba4e31cafdf25c5d195e55f5d429b19bbd85e06",
        "type": "github"
      },
      "original": {
        "owner": "nix-community",
        "repo": "flakelight",
        "type": "github"
      }
    },
    "nixpkgs": {
      "locked": {
        "lastModified": 1769789167,
        "narHash": "sha256-kKB3bqYJU5nzYeIROI82Ef9VtTbu4uA3YydSk/Bioa8=",
        "owner": "NixOS",
        "repo": "nixpkgs",
        "rev": "62c8382960464ceb98ea593cb8321a2cf8f9e3e5",
        "type": "github"
      },
      "original": {
        "owner": "NixOS",
        "ref": "nixos-unstable",
        "repo": "nixpkgs",
        "type": "github"
      }
    },
    "nixpkgs_2": {
      "locked": {
        "lastModified": 1769170682,
        "narHash": "sha256-oMmN1lVQU0F0W2k6OI3bgdzp2YOHWYUAw79qzDSjenU=",
        "owner": "NixOS",
        "repo": "nixpkgs",
        "rev": "c5296fdd05cfa2c187990dd909864da9658df755",
        "type": "github"
      },
      "original": {
        "owner": "NixOS",
        "ref": "nixos-unstable",
        "repo": "nixpkgs",
        "type": "github"
      }
    },
    "root": {
      "inputs": {
        "flakelight": "flakelight",
        "wayland-recorder": "wayland-recorder"
      }
    },
    "wayland-recorder": {
      "inputs": {
        "flakelight": "flakelight_2"
      },
      "locked": {
        "lastModified": 1770576891,
        "narHash": "sha256-8S5IGDxvGXw/n6SqBzV0iaIuYEl//9MJOigQ1scLa6g=",
        "owner": "simon-weij",
        "repo": "wayland-recorder",
        "rev": "eabfe6edad8a4d6d1ae530321ae7ff8ae47f2a4f",
        "type": "github"
      },
      "original": {
        "owner": "simon-weij",
        "repo": "wayland-recorder",
        "type": "github"
      }
    }
  },
  "root": "root",
  "version": 7
}
