{
  "nodes": {
    "flakelight": {
      "inputs": {
        "nixpkgs": "nixpkgs"
      },
      "locked": {
        "lastModified": 1770643227,
        "narHash": "sha256-Dhl7sU33nociCpvK51Dc6Kr3c3g6e37GiaQ8RsdhaiE=",
        "owner": "nix-community",
        "repo": "flakelight",
        "rev": "06f0fad6089dbc5cff57607c9ed4ee01dea00c90",
        "type": "github"
      },
      "original": {
        "owner": "nix-community",
        "repo": "flakelight",
        "type": "github"
      }
    },
    "flakelight_2": {
      "inputs": {
        "nixpkgs": "nixpkgs_2"
      },
      "locked": {
        "lastModified": 1769797828,
        "narHash": "sha256-giiWJpkyacToMLIBZ2/YI83Qbbn9NNyaI8qkgvsrpe8=",
        "owner": "nix-community",
        "repo": "flakelight",
        "rev": "dba4e31cafdf25c5d195e55f5d429b19bbd85e06",
        "type": "github"
      },
      "original": {
        "owner": "nix-community",
        "repo": "flakelight",
        "type": "github"
      }
    },
    "nixpkgs": {
      "locked": {
        "lastModified": 1770562336,
        "narHash": "sha256-ub1gpAONMFsT/GU2hV6ZWJjur8rJ6kKxdm9IlCT0j84=",
        "owner": "NixOS",
        "repo": "nixpkgs",
        "rev": "d6c71932130818840fc8fe9509cf50be8c64634f",
        "type": "github"
      },
      "original": {
        "owner": "NixOS",
        "ref": "nixos-unstable",
        "repo": "nixpkgs",
        "type": "github"
      }
    },
    "nixpkgs_2": {
      "locked": {
        "lastModified": 1769170682,
        "narHash": "sha256-oMmN1lVQU0F0W2k6OI3bgdzp2YOHWYUAw79qzDSjenU=",
        "owner": "NixOS",
        "repo": "nixpkgs",
        "rev": "c5296fdd05cfa2c187990dd909864da9658df755",
        "type": "github"
      },
      "original": {
        "owner": "NixOS",
        "ref": "nixos-unstable",
        "repo": "nixpkgs",
        "type": "github"
      }
    },
    "root": {
      "inputs": {
        "flakelight": "flakelight",
        "wayland-recorder": "wayland-recorder"
      }
    },
    "wayland-recorder": {
      "inputs": {
        "flakelight": "flakelight_2"
      },
      "locked": {
        "lastModified": 1770831103,
        "narHash": "sha256-cqqdqowSj973cf4dI9eTl0s+xq9iwaqS+bdAZExdLQ0=",
        "owner": "simon-weij",
        "repo": "wayland-recorder",
        "rev": "483f1b0e80db15b93b6f747fbc0993248c811a7c",
        "type": "github"
      },
      "original": {
        "owner": "simon-weij",
        "repo": "wayland-recorder",
        "type": "github"
      }
    }
  },
  "root": "root",
  "version": 7
}
